<?xml version="1.0" encoding="UTF-8" standalone="yes" ?>
<CodeBlocks_project_file>
	<FileVersion major="1" minor="6" />
	<Project>
		<Option title="hello-cb" />
		<Option compiler="gcc" />
		<Build>
			<Target title="Debug">
				<Option type="1" />
				<Option compiler="gcc" />
				<Option output="bin/Debug/hello" />
				<Option object_output="obj/Debug/" />
				<Compiler>
					<Add option="-g" />
					<Add option="-Wall" />
				</Compiler>
			</Target>
			<Target title="Release">
				<Option type="1" />
				<Option compiler="gcc" />
				<Option output="bin/Release/hello" />
				<Option object_output="obj/Release/" />
				<Compiler>
					<Add option="-O2" />
				</Compiler>
			</Target>
		</Build>
		<Unit filename="main.c" />
		<Unit filename="util.c" />
		<Unit filename="util.h" />
		<Extensions />
	</Project>
</CodeBlocks_project_file>
